
Microsoft Visual Studio Solution File, Format Version 12.00
# Visual Studio Version 16
VisualStudioVersion = 16.0.29519.87
MinimumVisualStudioVersion = 10.0.40219.1
Project("{9A19103F-16F7-4668-BE54-9A1E7A4F7556}") = "FinanceTracker.API", "FinanceTracker.API\FinanceTracker.API.csproj", "{D54904DE-E1C7-433D-8F32-CEE8C7CDF8EF}"
EndProject
Project("{9A19103F-16F7-4668-BE54-9A1E7A4F7556}") = "FinanceTracker.Infrastructure", "FinanceTracker.Infrastructure\FinanceTracker.Infrastructure.csproj", "{7C2D78E2-7A03-4DDE-89E4-A569F19D4814}"
EndProject
Project("{9A19103F-16F7-4668-BE54-9A1E7A4F7556}") = "FinanceTracker.Domain", "FinanceTracker.Domain\FinanceTracker.Domain.csproj", "{90B232BB-2079-4D70-BD72-08EE2516A876}"
EndProject
Project("{9A19103F-16F7-4668-BE54-9A1E7A4F7556}") = "FinanceTracker.Application", "FinanceTracker.Application\FinanceTracker.Application.csproj", "{1C37AFC8-0E35-4D84-BF4A-AA13BFE6D187}"
EndProject
Project("{FAE04EC0-301F-11D3-BF4B-00C04F79EFBC}") = "FinanceTracker.SPA", "FinanceTracker.SPA\FinanceTracker.SPA.csproj", "{DB606009-2309-4620-A554-127319775BE4}"
EndProject
Global
	GlobalSection(SolutionConfigurationPlatforms) = preSolution
		Debug|Any CPU = Debug|Any CPU
		Release|Any CPU = Release|Any CPU
	EndGlobalSection
	GlobalSection(ProjectConfigurationPlatforms) = postSolution
		{D54904DE-E1C7-433D-8F32-CEE8C7CDF8EF}.Debug|Any CPU.ActiveCfg = Debug|Any CPU
		{D54904DE-E1C7-433D-8F32-CEE8C7CDF8EF}.Debug|Any CPU.Build.0 = Debug|Any CPU
		{D54904DE-E1C7-433D-8F32-CEE8C7CDF8EF}.Release|Any CPU.ActiveCfg = Release|Any CPU
		{D54904DE-E1C7-433D-8F32-CEE8C7CDF8EF}.Release|Any CPU.Build.0 = Release|Any CPU
		{7C2D78E2-7A03-4DDE-89E4-A569F19D4814}.Debug|Any CPU.ActiveCfg = Debug|Any CPU
		{7C2D78E2-7A03-4DDE-89E4-A569F19D4814}.Debug|Any CPU.Build.0 = Debug|Any CPU
		{7C2D78E2-7A03-4DDE-89E4-A569F19D4814}.Release|Any CPU.ActiveCfg = Release|Any CPU
		{7C2D78E2-7A03-4DDE-89E4-A569F19D4814}.Release|Any CPU.Build.0 = Release|Any CPU
		{90B232BB-2079-4D70-BD72-08EE2516A876}.Debug|Any CPU.ActiveCfg = Debug|Any CPU
		{90B232BB-2079-4D70-BD72-08EE2516A876}.Debug|Any CPU.Build.0 = Debug|Any CPU
		{90B232BB-2079-4D70-BD72-08EE2516A876}.Release|Any CPU.ActiveCfg = Release|Any CPU
		{90B232BB-2079-4D70-BD72-08EE2516A876}.Release|Any CPU.Build.0 = Release|Any CPU
		{1C37AFC8-0E35-4D84-BF4A-AA13BFE6D187}.Debug|Any CPU.ActiveCfg = Debug|Any CPU
		{1C37AFC8-0E35-4D84-BF4A-AA13BFE6D187}.Debug|Any CPU.Build.0 = Debug|Any CPU
		{1C37AFC8-0E35-4D84-BF4A-AA13BFE6D187}.Release|Any CPU.ActiveCfg = Release|Any CPU
		{1C37AFC8-0E35-4D84-BF4A-AA13BFE6D187}.Release|Any CPU.Build.0 = Release|Any CPU
		{DB606009-2309-4620-A554-127319775BE4}.Debug|Any CPU.ActiveCfg = Debug|Any CPU
		{DB606009-2309-4620-A554-127319775BE4}.Debug|Any CPU.Build.0 = Debug|Any CPU
		{DB606009-2309-4620-A554-127319775BE4}.Release|Any CPU.ActiveCfg = Release|Any CPU
		{DB606009-2309-4620-A554-127319775BE4}.Release|Any CPU.Build.0 = Release|Any CPU
	EndGlobalSection
	GlobalSection(SolutionProperties) = preSolution
		HideSolutionNode = FALSE
	EndGlobalSection
	GlobalSection(ExtensibilityGlobals) = postSolution
		SolutionGuid = {1E088A02-FAB9-441B-9632-9913EB98D106}
	EndGlobalSection
EndGlobal
